
Microsoft Visual Studio Solution File, Format Version 12.00
# Visual Studio Version 16
VisualStudioVersion = 16.0.29519.181
MinimumVisualStudioVersion = 10.0.40219.1
Project("{FAE04EC0-301F-11D3-BF4B-00C04F79EFBC}") = "f", "f\f.csproj", "{F8D68D9D-3EAC-45B3-8631-AD863CB07CE1}"
EndProject
Global
	GlobalSection(SolutionConfigurationPlatforms) = preSolution
		Debug|Any CPU = Debug|Any CPU
		Release|Any CPU = Release|Any CPU
	EndGlobalSection
	GlobalSection(ProjectConfigurationPlatforms) = postSolution
		{F8D68D9D-3EAC-45B3-8631-AD863CB07CE1}.Debug|Any CPU.ActiveCfg = Debug|Any CPU
		{F8D68D9D-3EAC-45B3-8631-AD863CB07CE1}.Debug|Any CPU.Build.0 = Debug|Any CPU
		{F8D68D9D-3EAC-45B3-8631-AD863CB07CE1}.Release|Any CPU.ActiveCfg = Release|Any CPU
		{F8D68D9D-3EAC-45B3-8631-AD863CB07CE1}.Release|Any CPU.Build.0 = Release|Any CPU
	EndGlobalSection
	GlobalSection(SolutionProperties) = preSolution
		HideSolutionNode = FALSE
	EndGlobalSection
	GlobalSection(ExtensibilityGlobals) = postSolution
		SolutionGuid = {17902935-E616-46E3-8286-BE7C1C810444}
	EndGlobalSection
EndGlobal
